// !$*UTF8*$!
{
	archiveVersion = 1;
	classes = {
	};
	objectVersion = 56;
	objects = {

/* Begin PBXBuildFile section */
		2A6665242A126ABD006D6E69 /* SettingsViewModel.swift in Sources */ = {isa = PBXBuildFile; fileRef = 2A6665232A126ABD006D6E69 /* SettingsViewModel.swift */; };
		2A6665272A127322006D6E69 /* UserDefaultsManager.swift in Sources */ = {isa = PBXBuildFile; fileRef = 2A6665262A127322006D6E69 /* UserDefaultsManager.swift */; };
		2A6665292A127A6C006D6E69 /* MainViewController.swift in Sources */ = {isa = PBXBuildFile; fileRef = 2A6665282A127A6C006D6E69 /* MainViewController.swift */; };
		2A66652B2A127DA2006D6E69 /* MainViewModel.swift in Sources */ = {isa = PBXBuildFile; fileRef = 2A66652A2A127DA2006D6E69 /* MainViewModel.swift */; };
		2A66652D2A128723006D6E69 /* UIViewController+.swift in Sources */ = {isa = PBXBuildFile; fileRef = 2A66652C2A128723006D6E69 /* UIViewController+.swift */; };
		2A6665302A128B0B006D6E69 /* Kingfisher in Frameworks */ = {isa = PBXBuildFile; productRef = 2A66652F2A128B0B006D6E69 /* Kingfisher */; };
		2A6665332A13499F006D6E69 /* MusicViewController.swift in Sources */ = {isa = PBXBuildFile; fileRef = 2A6665322A13499F006D6E69 /* MusicViewController.swift */; };
		2AB6D1732A0F821100741268 /* AppDelegate.swift in Sources */ = {isa = PBXBuildFile; fileRef = 2AB6D1722A0F821100741268 /* AppDelegate.swift */; };
		2AB6D1752A0F821100741268 /* SceneDelegate.swift in Sources */ = {isa = PBXBuildFile; fileRef = 2AB6D1742A0F821100741268 /* SceneDelegate.swift */; };
		2AB6D17C2A0F821200741268 /* Assets.xcassets in Resources */ = {isa = PBXBuildFile; fileRef = 2AB6D17B2A0F821200741268 /* Assets.xcassets */; };
		2AB6D17F2A0F821200741268 /* LaunchScreen.storyboard in Resources */ = {isa = PBXBuildFile; fileRef = 2AB6D17D2A0F821200741268 /* LaunchScreen.storyboard */; };
		2AB6D1882A0F82CB00741268 /* SnapKit in Frameworks */ = {isa = PBXBuildFile; productRef = 2AB6D1872A0F82CB00741268 /* SnapKit */; };
		2AB6D18E2A0F908100741268 /* TitleView.swift in Sources */ = {isa = PBXBuildFile; fileRef = 2AB6D18D2A0F908100741268 /* TitleView.swift */; };
		2AB6D1932A0FA85600741268 /* UIView+.swift in Sources */ = {isa = PBXBuildFile; fileRef = 2AB6D1922A0FA85600741268 /* UIView+.swift */; };
		2AB6D1962A10EF0D00741268 /* UITableViewCell+.swift in Sources */ = {isa = PBXBuildFile; fileRef = 2AB6D1952A10EF0D00741268 /* UITableViewCell+.swift */; };
		2AB6D1982A10F0F800741268 /* MenuTableViewCell.swift in Sources */ = {isa = PBXBuildFile; fileRef = 2AB6D1972A10F0F800741268 /* MenuTableViewCell.swift */; };
		2AB6D19B2A1216DF00741268 /* SettingsViewController.swift in Sources */ = {isa = PBXBuildFile; fileRef = 2AB6D19A2A1216DF00741268 /* SettingsViewController.swift */; };
/* End PBXBuildFile section */

/* Begin PBXFileReference section */
		2A6665232A126ABD006D6E69 /* SettingsViewModel.swift */ = {isa = PBXFileReference; lastKnownFileType = sourcecode.swift; path = SettingsViewModel.swift; sourceTree = "<group>"; };
		2A6665262A127322006D6E69 /* UserDefaultsManager.swift */ = {isa = PBXFileReference; lastKnownFileType = sourcecode.swift; path = UserDefaultsManager.swift; sourceTree = "<group>"; };
		2A6665282A127A6C006D6E69 /* MainViewController.swift */ = {isa = PBXFileReference; lastKnownFileType = sourcecode.swift; path = MainViewController.swift; sourceTree = "<group>"; };
		2A66652A2A127DA2006D6E69 /* MainViewModel.swift */ = {isa = PBXFileReference; lastKnownFileType = sourcecode.swift; path = MainViewModel.swift; sourceTree = "<group>"; };
		2A66652C2A128723006D6E69 /* UIViewController+.swift */ = {isa = PBXFileReference; lastKnownFileType = sourcecode.swift; path = "UIViewController+.swift"; sourceTree = "<group>"; };
		2A6665322A13499F006D6E69 /* MusicViewController.swift */ = {isa = PBXFileReference; lastKnownFileType = sourcecode.swift; path = MusicViewController.swift; sourceTree = "<group>"; };
		2AB6D16F2A0F821100741268 /* ipodMusic.app */ = {isa = PBXFileReference; explicitFileType = wrapper.application; includeInIndex = 0; path = ipodMusic.app; sourceTree = BUILT_PRODUCTS_DIR; };
		2AB6D1722A0F821100741268 /* AppDelegate.swift */ = {isa = PBXFileReference; lastKnownFileType = sourcecode.swift; path = AppDelegate.swift; sourceTree = "<group>"; };
		2AB6D1742A0F821100741268 /* SceneDelegate.swift */ = {isa = PBXFileReference; lastKnownFileType = sourcecode.swift; path = SceneDelegate.swift; sourceTree = "<group>"; };
		2AB6D17B2A0F821200741268 /* Assets.xcassets */ = {isa = PBXFileReference; lastKnownFileType = folder.assetcatalog; path = Assets.xcassets; sourceTree = "<group>"; };
		2AB6D17E2A0F821200741268 /* Base */ = {isa = PBXFileReference; lastKnownFileType = file.storyboard; name = Base; path = Base.lproj/LaunchScreen.storyboard; sourceTree = "<group>"; };
		2AB6D1802A0F821200741268 /* Info.plist */ = {isa = PBXFileReference; lastKnownFileType = text.plist.xml; path = Info.plist; sourceTree = "<group>"; };
		2AB6D18D2A0F908100741268 /* TitleView.swift */ = {isa = PBXFileReference; lastKnownFileType = sourcecode.swift; path = TitleView.swift; sourceTree = "<group>"; };
		2AB6D1922A0FA85600741268 /* UIView+.swift */ = {isa = PBXFileReference; lastKnownFileType = sourcecode.swift; path = "UIView+.swift"; sourceTree = "<group>"; };
		2AB6D1952A10EF0D00741268 /* UITableViewCell+.swift */ = {isa = PBXFileReference; lastKnownFileType = sourcecode.swift; path = "UITableViewCell+.swift"; sourceTree = "<group>"; };
		2AB6D1972A10F0F800741268 /* MenuTableViewCell.swift */ = {isa = PBXFileReference; lastKnownFileType = sourcecode.swift; path = MenuTableViewCell.swift; sourceTree = "<group>"; };
		2AB6D19A2A1216DF00741268 /* SettingsViewController.swift */ = {isa = PBXFileReference; lastKnownFileType = sourcecode.swift; path = SettingsViewController.swift; sourceTree = "<group>"; };
/* End PBXFileReference section */

/* Begin PBXFrameworksBuildPhase section */
		2AB6D16C2A0F821100741268 /* Frameworks */ = {
			isa = PBXFrameworksBuildPhase;
			buildActionMask = 2147483647;
			files = (
				2A6665302A128B0B006D6E69 /* Kingfisher in Frameworks */,
				2AB6D1882A0F82CB00741268 /* SnapKit in Frameworks */,
			);
			runOnlyForDeploymentPostprocessing = 0;
		};
/* End PBXFrameworksBuildPhase section */

/* Begin PBXGroup section */
		2A6665252A127301006D6E69 /* DB */ = {
			isa = PBXGroup;
			children = (
				2A6665262A127322006D6E69 /* UserDefaultsManager.swift */,
			);
			path = DB;
			sourceTree = "<group>";
		};
		2A6665312A13496C006D6E69 /* Music */ = {
			isa = PBXGroup;
			children = (
				2A6665322A13499F006D6E69 /* MusicViewController.swift */,
			);
			path = Music;
			sourceTree = "<group>";
		};
		2AB6D1662A0F821100741268 = {
			isa = PBXGroup;
			children = (
				2AB6D1712A0F821100741268 /* ipodMusic */,
				2AB6D1702A0F821100741268 /* Products */,
			);
			sourceTree = "<group>";
		};
		2AB6D1702A0F821100741268 /* Products */ = {
			isa = PBXGroup;
			children = (
				2AB6D16F2A0F821100741268 /* ipodMusic.app */,
			);
			name = Products;
			sourceTree = "<group>";
		};
		2AB6D1712A0F821100741268 /* ipodMusic */ = {
			isa = PBXGroup;
			children = (
				2A6665312A13496C006D6E69 /* Music */,
				2A6665252A127301006D6E69 /* DB */,
				2AB6D1992A12168F00741268 /* Settings */,
				2AB6D1942A10E97500741268 /* Main */,
				2AB6D1912A0FA83C00741268 /* Extensions */,
				2AB6D18C2A0F904100741268 /* Views */,
				2AB6D1722A0F821100741268 /* AppDelegate.swift */,
				2AB6D1742A0F821100741268 /* SceneDelegate.swift */,
				2AB6D17B2A0F821200741268 /* Assets.xcassets */,
				2AB6D17D2A0F821200741268 /* LaunchScreen.storyboard */,
				2AB6D1802A0F821200741268 /* Info.plist */,
			);
			path = ipodMusic;
			sourceTree = "<group>";
		};
		2AB6D18C2A0F904100741268 /* Views */ = {
			isa = PBXGroup;
			children = (
				2AB6D18D2A0F908100741268 /* TitleView.swift */,
			);
			path = Views;
			sourceTree = "<group>";
		};
		2AB6D1912A0FA83C00741268 /* Extensions */ = {
			isa = PBXGroup;
			children = (
				2AB6D1922A0FA85600741268 /* UIView+.swift */,
				2AB6D1952A10EF0D00741268 /* UITableViewCell+.swift */,
				2A66652C2A128723006D6E69 /* UIViewController+.swift */,
			);
			path = Extensions;
			sourceTree = "<group>";
		};
		2AB6D1942A10E97500741268 /* Main */ = {
			isa = PBXGroup;
			children = (
				2AB6D1972A10F0F800741268 /* MenuTableViewCell.swift */,
				2A6665282A127A6C006D6E69 /* MainViewController.swift */,
				2A66652A2A127DA2006D6E69 /* MainViewModel.swift */,
			);
			path = Main;
			sourceTree = "<group>";
		};
		2AB6D1992A12168F00741268 /* Settings */ = {
			isa = PBXGroup;
			children = (
				2AB6D19A2A1216DF00741268 /* SettingsViewController.swift */,
				2A6665232A126ABD006D6E69 /* SettingsViewModel.swift */,
			);
			path = Settings;
			sourceTree = "<group>";
		};
/* End PBXGroup section */

/* Begin PBXNativeTarget section */
		2AB6D16E2A0F821100741268 /* ipodMusic */ = {
			isa = PBXNativeTarget;
			buildConfigurationList = 2AB6D1832A0F821200741268 /* Build configuration list for PBXNativeTarget "ipodMusic" */;
			buildPhases = (
				2AB6D16B2A0F821100741268 /* Sources */,
				2AB6D16C2A0F821100741268 /* Frameworks */,
				2AB6D16D2A0F821100741268 /* Resources */,
			);
			buildRules = (
			);
			dependencies = (
			);
			name = ipodMusic;
			packageProductDependencies = (
				2AB6D1872A0F82CB00741268 /* SnapKit */,
				2A66652F2A128B0B006D6E69 /* Kingfisher */,
			);
			productName = ipodMusic;
			productReference = 2AB6D16F2A0F821100741268 /* ipodMusic.app */;
			productType = "com.apple.product-type.application";
		};
/* End PBXNativeTarget section */

/* Begin PBXProject section */
		2AB6D1672A0F821100741268 /* Project object */ = {
			isa = PBXProject;
			attributes = {
				BuildIndependentTargetsInParallel = 1;
				LastSwiftUpdateCheck = 1420;
				LastUpgradeCheck = 1420;
				TargetAttributes = {
					2AB6D16E2A0F821100741268 = {
						CreatedOnToolsVersion = 14.2;
					};
				};
			};
			buildConfigurationList = 2AB6D16A2A0F821100741268 /* Build configuration list for PBXProject "ipodMusic" */;
			compatibilityVersion = "Xcode 14.0";
			developmentRegion = en;
			hasScannedForEncodings = 0;
			knownRegions = (
				en,
				Base,
			);
			mainGroup = 2AB6D1662A0F821100741268;
			packageReferences = (
				2AB6D1862A0F82CB00741268 /* XCRemoteSwiftPackageReference "SnapKit" */,
				2A66652E2A128B0B006D6E69 /* XCRemoteSwiftPackageReference "Kingfisher" */,
			);
			productRefGroup = 2AB6D1702A0F821100741268 /* Products */;
			projectDirPath = "";
			projectRoot = "";
			targets = (
				2AB6D16E2A0F821100741268 /* ipodMusic */,
			);
		};
/* End PBXProject section */

/* Begin PBXResourcesBuildPhase section */
		2AB6D16D2A0F821100741268 /* Resources */ = {
			isa = PBXResourcesBuildPhase;
			buildActionMask = 2147483647;
			files = (
				2AB6D17F2A0F821200741268 /* LaunchScreen.storyboard in Resources */,
				2AB6D17C2A0F821200741268 /* Assets.xcassets in Resources */,
			);
			runOnlyForDeploymentPostprocessing = 0;
		};
/* End PBXResourcesBuildPhase section */

/* Begin PBXSourcesBuildPhase section */
		2AB6D16B2A0F821100741268 /* Sources */ = {
			isa = PBXSourcesBuildPhase;
			buildActionMask = 2147483647;
			files = (
				2A6665292A127A6C006D6E69 /* MainViewController.swift in Sources */,
				2AB6D1732A0F821100741268 /* AppDelegate.swift in Sources */,
				2A66652D2A128723006D6E69 /* UIViewController+.swift in Sources */,
				2AB6D1982A10F0F800741268 /* MenuTableViewCell.swift in Sources */,
				2AB6D1752A0F821100741268 /* SceneDelegate.swift in Sources */,
				2AB6D1962A10EF0D00741268 /* UITableViewCell+.swift in Sources */,
				2AB6D18E2A0F908100741268 /* TitleView.swift in Sources */,
				2A6665272A127322006D6E69 /* UserDefaultsManager.swift in Sources */,
				2AB6D1932A0FA85600741268 /* UIView+.swift in Sources */,
				2A6665332A13499F006D6E69 /* MusicViewController.swift in Sources */,
				2AB6D19B2A1216DF00741268 /* SettingsViewController.swift in Sources */,
				2A6665242A126ABD006D6E69 /* SettingsViewModel.swift in Sources */,
				2A66652B2A127DA2006D6E69 /* MainViewModel.swift in Sources */,
			);
			runOnlyForDeploymentPostprocessing = 0;
		};
/* End PBXSourcesBuildPhase section */

/* Begin PBXVariantGroup section */
		2AB6D17D2A0F821200741268 /* LaunchScreen.storyboard */ = {
			isa = PBXVariantGroup;
			children = (
				2AB6D17E2A0F821200741268 /* Base */,
			);
			name = LaunchScreen.storyboard;
			sourceTree = "<group>";
		};
/* End PBXVariantGroup section */

/* Begin XCBuildConfiguration section */
		2AB6D1812A0F821200741268 /* Debug */ = {
			isa = XCBuildConfiguration;
			buildSettings = {
				ALWAYS_SEARCH_USER_PATHS = NO;
				CLANG_ANALYZER_NONNULL = YES;
				CLANG_ANALYZER_NUMBER_OBJECT_CONVERSION = YES_AGGRESSIVE;
				CLANG_CXX_LANGUAGE_STANDARD = "gnu++20";
				CLANG_ENABLE_MODULES = YES;
				CLANG_ENABLE_OBJC_ARC = YES;
				CLANG_ENABLE_OBJC_WEAK = YES;
				CLANG_WARN_BLOCK_CAPTURE_AUTORELEASING = YES;
				CLANG_WARN_BOOL_CONVERSION = YES;
				CLANG_WARN_COMMA = YES;
				CLANG_WARN_CONSTANT_CONVERSION = YES;
				CLANG_WARN_DEPRECATED_OBJC_IMPLEMENTATIONS = YES;
				CLANG_WARN_DIRECT_OBJC_ISA_USAGE = YES_ERROR;
				CLANG_WARN_DOCUMENTATION_COMMENTS = YES;
				CLANG_WARN_EMPTY_BODY = YES;
				CLANG_WARN_ENUM_CONVERSION = YES;
				CLANG_WARN_INFINITE_RECURSION = YES;
				CLANG_WARN_INT_CONVERSION = YES;
				CLANG_WARN_NON_LITERAL_NULL_CONVERSION = YES;
				CLANG_WARN_OBJC_IMPLICIT_RETAIN_SELF = YES;
				CLANG_WARN_OBJC_LITERAL_CONVERSION = YES;
				CLANG_WARN_OBJC_ROOT_CLASS = YES_ERROR;
				CLANG_WARN_QUOTED_INCLUDE_IN_FRAMEWORK_HEADER = YES;
				CLANG_WARN_RANGE_LOOP_ANALYSIS = YES;
				CLANG_WARN_STRICT_PROTOTYPES = YES;
				CLANG_WARN_SUSPICIOUS_MOVE = YES;
				CLANG_WARN_UNGUARDED_AVAILABILITY = YES_AGGRESSIVE;
				CLANG_WARN_UNREACHABLE_CODE = YES;
				CLANG_WARN__DUPLICATE_METHOD_MATCH = YES;
				COPY_PHASE_STRIP = NO;
				DEBUG_INFORMATION_FORMAT = dwarf;
				ENABLE_STRICT_OBJC_MSGSEND = YES;
				ENABLE_TESTABILITY = YES;
				GCC_C_LANGUAGE_STANDARD = gnu11;
				GCC_DYNAMIC_NO_PIC = NO;
				GCC_NO_COMMON_BLOCKS = YES;
				GCC_OPTIMIZATION_LEVEL = 0;
				GCC_PREPROCESSOR_DEFINITIONS = (
					"DEBUG=1",
					"$(inherited)",
				);
				GCC_WARN_64_TO_32_BIT_CONVERSION = YES;
				GCC_WARN_ABOUT_RETURN_TYPE = YES_ERROR;
				GCC_WARN_UNDECLARED_SELECTOR = YES;
				GCC_WARN_UNINITIALIZED_AUTOS = YES_AGGRESSIVE;
				GCC_WARN_UNUSED_FUNCTION = YES;
				GCC_WARN_UNUSED_VARIABLE = YES;
				IPHONEOS_DEPLOYMENT_TARGET = 15.0;
				MTL_ENABLE_DEBUG_INFO = INCLUDE_SOURCE;
				MTL_FAST_MATH = YES;
				ONLY_ACTIVE_ARCH = YES;
				SDKROOT = iphoneos;
				SWIFT_ACTIVE_COMPILATION_CONDITIONS = DEBUG;
				SWIFT_OPTIMIZATION_LEVEL = "-Onone";
			};
			name = Debug;
		};
		2AB6D1822A0F821200741268 /* Release */ = {
			isa = XCBuildConfiguration;
			buildSettings = {
				ALWAYS_SEARCH_USER_PATHS = NO;
				CLANG_ANALYZER_NONNULL = YES;
				CLANG_ANALYZER_NUMBER_OBJECT_CONVERSION = YES_AGGRESSIVE;
				CLANG_CXX_LANGUAGE_STANDARD = "gnu++20";
				CLANG_ENABLE_MODULES = YES;
				CLANG_ENABLE_OBJC_ARC = YES;
				CLANG_ENABLE_OBJC_WEAK = YES;
				CLANG_WARN_BLOCK_CAPTURE_AUTORELEASING = YES;
				CLANG_WARN_BOOL_CONVERSION = YES;
				CLANG_WARN_COMMA = YES;
				CLANG_WARN_CONSTANT_CONVERSION = YES;
				CLANG_WARN_DEPRECATED_OBJC_IMPLEMENTATIONS = YES;
				CLANG_WARN_DIRECT_OBJC_ISA_USAGE = YES_ERROR;
				CLANG_WARN_DOCUMENTATION_COMMENTS = YES;
				CLANG_WARN_EMPTY_BODY = YES;
				CLANG_WARN_ENUM_CONVERSION = YES;
				CLANG_WARN_INFINITE_RECURSION = YES;
				CLANG_WARN_INT_CONVERSION = YES;
				CLANG_WARN_NON_LITERAL_NULL_CONVERSION = YES;
				CLANG_WARN_OBJC_IMPLICIT_RETAIN_SELF = YES;
				CLANG_WARN_OBJC_LITERAL_CONVERSION = YES;
				CLANG_WARN_OBJC_ROOT_CLASS = YES_ERROR;
				CLANG_WARN_QUOTED_INCLUDE_IN_FRAMEWORK_HEADER = YES;
				CLANG_WARN_RANGE_LOOP_ANALYSIS = YES;
				CLANG_WARN_STRICT_PROTOTYPES = YES;
				CLANG_WARN_SUSPICIOUS_MOVE = YES;
				CLANG_WARN_UNGUARDED_AVAILABILITY = YES_AGGRESSIVE;
				CLANG_WARN_UNREACHABLE_CODE = YES;
				CLANG_WARN__DUPLICATE_METHOD_MATCH = YES;
				COPY_PHASE_STRIP = NO;
				DEBUG_INFORMATION_FORMAT = "dwarf-with-dsym";
				ENABLE_NS_ASSERTIONS = NO;
				ENABLE_STRICT_OBJC_MSGSEND = YES;
				GCC_C_LANGUAGE_STANDARD = gnu11;
				GCC_NO_COMMON_BLOCKS = YES;
				GCC_WARN_64_TO_32_BIT_CONVERSION = YES;
				GCC_WARN_ABOUT_RETURN_TYPE = YES_ERROR;
				GCC_WARN_UNDECLARED_SELECTOR = YES;
				GCC_WARN_UNINITIALIZED_AUTOS = YES_AGGRESSIVE;
				GCC_WARN_UNUSED_FUNCTION = YES;
				GCC_WARN_UNUSED_VARIABLE = YES;
				IPHONEOS_DEPLOYMENT_TARGET = 15.0;
				MTL_ENABLE_DEBUG_INFO = NO;
				MTL_FAST_MATH = YES;
				SDKROOT = iphoneos;
				SWIFT_COMPILATION_MODE = wholemodule;
				SWIFT_OPTIMIZATION_LEVEL = "-O";
				VALIDATE_PRODUCT = YES;
			};
			name = Release;
		};
		2AB6D1842A0F821200741268 /* Debug */ = {
			isa = XCBuildConfiguration;
			buildSettings = {
				ASSETCATALOG_COMPILER_APPICON_NAME = AppIcon;
				ASSETCATALOG_COMPILER_GLOBAL_ACCENT_COLOR_NAME = AccentColor;
				CODE_SIGN_STYLE = Automatic;
				CURRENT_PROJECT_VERSION = 1;
				DEVELOPMENT_TEAM = 7UWKX6V9JV;
				GENERATE_INFOPLIST_FILE = YES;
				INFOPLIST_FILE = ipodMusic/Info.plist;
				INFOPLIST_KEY_UIApplicationSupportsIndirectInputEvents = YES;
				INFOPLIST_KEY_UILaunchStoryboardName = LaunchScreen;
				INFOPLIST_KEY_UISupportedInterfaceOrientations = UIInterfaceOrientationPortrait;
				INFOPLIST_KEY_UISupportedInterfaceOrientations_iPad = "UIInterfaceOrientationLandscapeLeft UIInterfaceOrientationLandscapeRight UIInterfaceOrientationPortrait UIInterfaceOrientationPortraitUpsideDown";
				LD_RUNPATH_SEARCH_PATHS = (
					"$(inherited)",
					"@executable_path/Frameworks",
				);
				MARKETING_VERSION = 1.0;
				PRODUCT_BUNDLE_IDENTIFIER = jusang.ipodMusic;
				PRODUCT_NAME = "$(TARGET_NAME)";
				SWIFT_EMIT_LOC_STRINGS = YES;
				SWIFT_VERSION = 5.0;
				TARGETED_DEVICE_FAMILY = "1,2";
			};
			name = Debug;
		};
		2AB6D1852A0F821200741268 /* Release */ = {
			isa = XCBuildConfiguration;
			buildSettings = {
				ASSETCATALOG_COMPILER_APPICON_NAME = AppIcon;
				ASSETCATALOG_COMPILER_GLOBAL_ACCENT_COLOR_NAME = AccentColor;
				CODE_SIGN_STYLE = Automatic;
				CURRENT_PROJECT_VERSION = 1;
				DEVELOPMENT_TEAM = 7UWKX6V9JV;
				GENERATE_INFOPLIST_FILE = YES;
				INFOPLIST_FILE = ipodMusic/Info.plist;
				INFOPLIST_KEY_UIApplicationSupportsIndirectInputEvents = YES;
				INFOPLIST_KEY_UILaunchStoryboardName = LaunchScreen;
				INFOPLIST_KEY_UISupportedInterfaceOrientations = UIInterfaceOrientationPortrait;
				INFOPLIST_KEY_UISupportedInterfaceOrientations_iPad = "UIInterfaceOrientationLandscapeLeft UIInterfaceOrientationLandscapeRight UIInterfaceOrientationPortrait UIInterfaceOrientationPortraitUpsideDown";
				LD_RUNPATH_SEARCH_PATHS = (
					"$(inherited)",
					"@executable_path/Frameworks",
				);
				MARKETING_VERSION = 1.0;
				PRODUCT_BUNDLE_IDENTIFIER = jusang.ipodMusic;
				PRODUCT_NAME = "$(TARGET_NAME)";
				SWIFT_EMIT_LOC_STRINGS = YES;
				SWIFT_VERSION = 5.0;
				TARGETED_DEVICE_FAMILY = "1,2";
			};
			name = Release;
		};
/* End XCBuildConfiguration section */

/* Begin XCConfigurationList section */
		2AB6D16A2A0F821100741268 /* Build configuration list for PBXProject "ipodMusic" */ = {
			isa = XCConfigurationList;
			buildConfigurations = (
				2AB6D1812A0F821200741268 /* Debug */,
				2AB6D1822A0F821200741268 /* Release */,
			);
			defaultConfigurationIsVisible = 0;
			defaultConfigurationName = Release;
		};
		2AB6D1832A0F821200741268 /* Build configuration list for PBXNativeTarget "ipodMusic" */ = {
			isa = XCConfigurationList;
			buildConfigurations = (
				2AB6D1842A0F821200741268 /* Debug */,
				2AB6D1852A0F821200741268 /* Release */,
			);
			defaultConfigurationIsVisible = 0;
			defaultConfigurationName = Release;
		};
/* End XCConfigurationList section */

/* Begin XCRemoteSwiftPackageReference section */
		2A66652E2A128B0B006D6E69 /* XCRemoteSwiftPackageReference "Kingfisher" */ = {
			isa = XCRemoteSwiftPackageReference;
			repositoryURL = "https://github.com/onevcat/Kingfisher.git";
			requirement = {
				branch = master;
				kind = branch;
			};
		};
		2AB6D1862A0F82CB00741268 /* XCRemoteSwiftPackageReference "SnapKit" */ = {
			isa = XCRemoteSwiftPackageReference;
			repositoryURL = "https://github.com/SnapKit/SnapKit.git";
			requirement = {
				kind = upToNextMajorVersion;
				minimumVersion = 5.0.0;
			};
		};
/* End XCRemoteSwiftPackageReference section */

/* Begin XCSwiftPackageProductDependency section */
		2A66652F2A128B0B006D6E69 /* Kingfisher */ = {
			isa = XCSwiftPackageProductDependency;
			package = 2A66652E2A128B0B006D6E69 /* XCRemoteSwiftPackageReference "Kingfisher" */;
			productName = Kingfisher;
		};
		2AB6D1872A0F82CB00741268 /* SnapKit */ = {
			isa = XCSwiftPackageProductDependency;
			package = 2AB6D1862A0F82CB00741268 /* XCRemoteSwiftPackageReference "SnapKit" */;
			productName = SnapKit;
		};
/* End XCSwiftPackageProductDependency section */
	};
	rootObject = 2AB6D1672A0F821100741268 /* Project object */;
}
